
Microsoft Visual Studio Solution File, Format Version 12.00
# Visual Studio Version 17
VisualStudioVersion = 17.2.32630.192
MinimumVisualStudioVersion = 10.0.40219.1
Project("{FAE04EC0-301F-11D3-BF4B-00C04F79EFBC}") = "APIKanyeAndRon", "APIKanyeAndRon\APIKanyeAndRon.csproj", "{72808372-F49C-4D62-BDA6-BE1AE210D9DD}"
EndProject
Global
	GlobalSection(SolutionConfigurationPlatforms) = preSolution
		Debug|Any CPU = Debug|Any CPU
		Release|Any CPU = Release|Any CPU
	EndGlobalSection
	GlobalSection(ProjectConfigurationPlatforms) = postSolution
		{72808372-F49C-4D62-BDA6-BE1AE210D9DD}.Debug|Any CPU.ActiveCfg = Debug|Any CPU
		{72808372-F49C-4D62-BDA6-BE1AE210D9DD}.Debug|Any CPU.Build.0 = Debug|Any CPU
		{72808372-F49C-4D62-BDA6-BE1AE210D9DD}.Release|Any CPU.ActiveCfg = Release|Any CPU
		{72808372-F49C-4D62-BDA6-BE1AE210D9DD}.Release|Any CPU.Build.0 = Release|Any CPU
	EndGlobalSection
	GlobalSection(SolutionProperties) = preSolution
		HideSolutionNode = FALSE
	EndGlobalSection
	GlobalSection(ExtensibilityGlobals) = postSolution
		SolutionGuid = {49451D8B-473F-464D-82A4-C610EDB8EDAB}
	EndGlobalSection
EndGlobal
